
Microsoft Visual Studio Solution File, Format Version 12.00
# Visual Studio Version 16
VisualStudioVersion = 16.0.29326.143
MinimumVisualStudioVersion = 10.0.40219.1
Project("{2150E333-8FDC-42A3-9474-1A3956D46DE8}") = "src", "src", "{1729B8DE-5B7B-4178-B5EA-6F70C472CC6D}"
EndProject
Project("{2150E333-8FDC-42A3-9474-1A3956D46DE8}") = "CommonComponents", "CommonComponents", "{9B2A2951-1CAB-41E0-A2B0-F9BD008754ED}"
EndProject
Project("{9A19103F-16F7-4668-BE54-9A1E7A4F7556}") = "TlhPlatform.Infrastructure", "src\CommonComponents\TlhPlatform.Infrastructure\TlhPlatform.Infrastructure.csproj", "{0DBE8A1C-FD39-4BD9-AD25-881783B35ED6}"
EndProject
Project("{9A19103F-16F7-4668-BE54-9A1E7A4F7556}") = "TlhPlatform.Core", "src\CommonComponents\TlhPlatform.Core\TlhPlatform.Core.csproj", "{B83C5AF0-EA5B-4D6A-9D8D-EE997FFC3B1E}"
EndProject
Project("{2150E333-8FDC-42A3-9474-1A3956D46DE8}") = "Servers", "Servers", "{9CD68436-95AC-4C46-90C6-3A34EBEA5013}"
EndProject
Project("{2150E333-8FDC-42A3-9474-1A3956D46DE8}") = "BasicData", "BasicData", "{E4DBF3D9-FD9D-480C-864C-5B2A746868BC}"
EndProject
Project("{2150E333-8FDC-42A3-9474-1A3956D46DE8}") = "Order", "Order", "{8195CCEE-68DB-4C67-A8C2-9962B8E1A178}"
EndProject
Project("{9A19103F-16F7-4668-BE54-9A1E7A4F7556}") = "TlhPlatform.Order.Common", "src\Servers\Order\TlhPlatform.Order.Common\TlhPlatform.Order.Common.csproj", "{1584EDAE-A7E8-4311-B5FA-490E2124CEC6}"
EndProject
Project("{9A19103F-16F7-4668-BE54-9A1E7A4F7556}") = "TlhPlatform.Order.Domain", "src\Servers\Order\TlhPlatform.Order.Domain\TlhPlatform.Order.Domain.csproj", "{4E137CD1-AAA9-485A-9DE4-DCF1B3DA9183}"
EndProject
Project("{9A19103F-16F7-4668-BE54-9A1E7A4F7556}") = "TlhPlatform.Order.ServerHost", "src\Servers\Order\TlhPlatform.Order.ServerHost\TlhPlatform.Order.ServerHost.csproj", "{0F3E5233-D104-4939-9986-1EA800267808}"
EndProject
Project("{9A19103F-16F7-4668-BE54-9A1E7A4F7556}") = "TlhPlatform.Gateway.Application", "src\GateWay\TlhPlatform.Gateway.Application\TlhPlatform.Gateway.Application.csproj", "{18D2D6BC-20AF-4F2E-8B2E-3EFBD87C95BB}"
EndProject
Project("{9A19103F-16F7-4668-BE54-9A1E7A4F7556}") = "TlhPlatform.Gateway.Domain", "src\GateWay\TlhPlatform.Gateway.Domain\TlhPlatform.Gateway.Domain.csproj", "{EC8C124E-7A5B-454C-9B61-639346E50ADC}"
EndProject
Project("{9A19103F-16F7-4668-BE54-9A1E7A4F7556}") = "TlhPlatform.Gateway.WebApi", "src\GateWay\TlhPlatform.Gateway.WebApi\TlhPlatform.Gateway.WebApi.csproj", "{54D9947B-83ED-4144-9E24-8259C6184BB8}"
EndProject
Project("{9A19103F-16F7-4668-BE54-9A1E7A4F7556}") = "TlhPlatform.Order.Infrastructure", "src\Servers\Order\TlhPlatform.Order.Infrastructure\TlhPlatform.Order.Infrastructure.csproj", "{42F3E8BF-C89A-429F-9C56-DFB6FC19FABB}"
EndProject
Project("{2150E333-8FDC-42A3-9474-1A3956D46DE8}") = "User", "User", "{B8987828-0360-42B8-8F96-605524A4C7C3}"
EndProject
Project("{9A19103F-16F7-4668-BE54-9A1E7A4F7556}") = "TlhPlatform.User.Common", "src\Servers\User\TlhPlatform.User.Common\TlhPlatform.User.Common.csproj", "{6ED550E6-0C55-43ED-8C62-6816853E4B2E}"
EndProject
Project("{9A19103F-16F7-4668-BE54-9A1E7A4F7556}") = "TlhPlatform.User.Domain", "src\Servers\User\TlhPlatform.User.Domain\TlhPlatform.User.Domain.csproj", "{C6AABE91-52E6-4E18-9FF4-356DD00EC104}"
EndProject
Project("{9A19103F-16F7-4668-BE54-9A1E7A4F7556}") = "TlhPlatform.User.Infrastructure", "src\Servers\User\TlhPlatform.User.Infrastructure\TlhPlatform.User.Infrastructure.csproj", "{56B8FEF4-CA60-42F3-91DE-D82F99D629D9}"
EndProject
Project("{9A19103F-16F7-4668-BE54-9A1E7A4F7556}") = "TlhPlatform.User.ServerHost", "src\Servers\User\TlhPlatform.User.ServerHost\TlhPlatform.User.ServerHost.csproj", "{CC0ED583-DE8A-452E-AD64-1D16C5293F51}"
EndProject
Project("{2150E333-8FDC-42A3-9474-1A3956D46DE8}") = "Auth", "Auth", "{AA2119E9-DED7-4AF5-9F3F-5761372EB7E2}"
EndProject
Project("{9A19103F-16F7-4668-BE54-9A1E7A4F7556}") = "TlhPlatform.Auth.ServerHost", "src\Servers\Auth\TlhPlatform.Auth.ServerHost\TlhPlatform.Auth.ServerHost.csproj", "{13801DA4-AEA7-4002-B78B-9AEE4C7A6E0F}"
EndProject
Project("{9A19103F-16F7-4668-BE54-9A1E7A4F7556}") = "TlhPlatform.Gateway.OrderApi", "src\GateWay\TlhPlatform.Gateway.OrderApi\TlhPlatform.Gateway.OrderApi.csproj", "{44438E6C-70EE-4A1E-86EB-FBCAFDABC82C}"
EndProject
Project("{9A19103F-16F7-4668-BE54-9A1E7A4F7556}") = "TlhPlatform.Identity.ServerHost", "src\Servers\Auth\TlhPlatform.Identity.ServerHost\TlhPlatform.Identity.ServerHost.csproj", "{49B659E3-CD1D-4369-9BA9-F0D0DA0182B5}"
EndProject
Project("{9A19103F-16F7-4668-BE54-9A1E7A4F7556}") = "TlhPlatform.Contracts", "src\CommonComponents\TlhPlatform.Contracts\TlhPlatform.Contracts.csproj", "{760ABF81-6B9A-4FBC-8C37-CF5DB39D8DB8}"
EndProject
Project("{2150E333-8FDC-42A3-9474-1A3956D46DE8}") = "Product", "Product", "{31EF9BEB-CA5B-4BD5-A773-0EC810036845}"
EndProject
Project("{9A19103F-16F7-4668-BE54-9A1E7A4F7556}") = "TlhPlatform.Product.Domain", "src\Servers\Product\TlhPlatform.Product.Domain\TlhPlatform.Product.Domain.csproj", "{0D4988BA-489F-41F1-82AB-04BE3A15CBF2}"
EndProject
Project("{9A19103F-16F7-4668-BE54-9A1E7A4F7556}") = "TlhPlatform.Product.Infrastructure", "src\Servers\Product\TlhPlatform.Product.Infrastructure\TlhPlatform.Product.Infrastructure.csproj", "{22D2ED7F-BD6D-4D8F-8BAC-8976739058EA}"
EndProject
Project("{9A19103F-16F7-4668-BE54-9A1E7A4F7556}") = "TlhPlatform.Product.ServerHost", "src\Servers\Product\TlhPlatform.Product.ServerHost\TlhPlatform.Product.ServerHost.csproj", "{FB9A97F7-6ED0-4E4E-AAC5-CA5BB6B10F5E}"
EndProject
Project("{9A19103F-16F7-4668-BE54-9A1E7A4F7556}") = "WebApplication1", "src\Servers\Order\WebApplication1\WebApplication1.csproj", "{30AD543C-8D7B-4772-8E27-8DC8DD2DC530}"
EndProject
Project("{9A19103F-16F7-4668-BE54-9A1E7A4F7556}") = "TlhPlatform.Product.Repository", "src\Servers\Product\TlhPlatform.Product.Repository\TlhPlatform.Product.Repository.csproj", "{D77F1F39-BF39-4036-9E83-AD38AB3616BD}"
EndProject
Project("{9A19103F-16F7-4668-BE54-9A1E7A4F7556}") = "TlhPlatform.Product.Application", "src\Servers\Product\TlhPlatform.Product.Application\TlhPlatform.Product.Application.csproj", "{17111B65-AE0A-42FC-92A9-C610D01EEFE5}"
EndProject
Project("{2150E333-8FDC-42A3-9474-1A3956D46DE8}") = "PaymentCenter", "PaymentCenter", "{41D929E5-71D6-473D-8FD5-403E62EBF3A2}"
EndProject
Project("{FAE04EC0-301F-11D3-BF4B-00C04F79EFBC}") = "TlhPlatform.PaymentCenter.Application", "src\Servers\PaymentCenter\TlhPlatform.PaymentCenter.Application\TlhPlatform.PaymentCenter.Application.csproj", "{9A8354BE-7267-4795-B61E-25E4427DCC98}"
EndProject
Project("{FAE04EC0-301F-11D3-BF4B-00C04F79EFBC}") = "TlhPlatform.PaymentCenter.Domain", "src\Servers\PaymentCenter\TlhPlatform.PaymentCenter.Domain\TlhPlatform.PaymentCenter.Domain.csproj", "{27237F1D-4EF0-459E-992D-2018037AE6E7}"
EndProject
Project("{FAE04EC0-301F-11D3-BF4B-00C04F79EFBC}") = "TlhPlatform.PaymentCenter.Repository", "src\Servers\PaymentCenter\TlhPlatform.PaymentCenter.Repository\TlhPlatform.PaymentCenter.Repository.csproj", "{474AE3E8-8218-4B94-BF6E-0F30FD55976E}"
EndProject
Project("{FAE04EC0-301F-11D3-BF4B-00C04F79EFBC}") = "TlhPlatform.PaymentCenter.ServerHost", "src\Servers\PaymentCenter\TlhPlatform.PaymentCenter.ServerHost\TlhPlatform.PaymentCenter.ServerHost.csproj", "{37C68C82-E6CB-45C0-9A0F-8C4FD251141F}"
EndProject
Global
	GlobalSection(SolutionConfigurationPlatforms) = preSolution
		Debug|Any CPU = Debug|Any CPU
		Release|Any CPU = Release|Any CPU
	EndGlobalSection
	GlobalSection(ProjectConfigurationPlatforms) = postSolution
		{0DBE8A1C-FD39-4BD9-AD25-881783B35ED6}.Debug|Any CPU.ActiveCfg = Debug|Any CPU
		{0DBE8A1C-FD39-4BD9-AD25-881783B35ED6}.Debug|Any CPU.Build.0 = Debug|Any CPU
		{0DBE8A1C-FD39-4BD9-AD25-881783B35ED6}.Release|Any CPU.ActiveCfg = Release|Any CPU
		{0DBE8A1C-FD39-4BD9-AD25-881783B35ED6}.Release|Any CPU.Build.0 = Release|Any CPU
		{B83C5AF0-EA5B-4D6A-9D8D-EE997FFC3B1E}.Debug|Any CPU.ActiveCfg = Debug|Any CPU
		{B83C5AF0-EA5B-4D6A-9D8D-EE997FFC3B1E}.Debug|Any CPU.Build.0 = Debug|Any CPU
		{B83C5AF0-EA5B-4D6A-9D8D-EE997FFC3B1E}.Release|Any CPU.ActiveCfg = Release|Any CPU
		{B83C5AF0-EA5B-4D6A-9D8D-EE997FFC3B1E}.Release|Any CPU.Build.0 = Release|Any CPU
		{1584EDAE-A7E8-4311-B5FA-490E2124CEC6}.Debug|Any CPU.ActiveCfg = Debug|Any CPU
		{1584EDAE-A7E8-4311-B5FA-490E2124CEC6}.Debug|Any CPU.Build.0 = Debug|Any CPU
		{1584EDAE-A7E8-4311-B5FA-490E2124CEC6}.Release|Any CPU.ActiveCfg = Release|Any CPU
		{1584EDAE-A7E8-4311-B5FA-490E2124CEC6}.Release|Any CPU.Build.0 = Release|Any CPU
		{4E137CD1-AAA9-485A-9DE4-DCF1B3DA9183}.Debug|Any CPU.ActiveCfg = Debug|Any CPU
		{4E137CD1-AAA9-485A-9DE4-DCF1B3DA9183}.Debug|Any CPU.Build.0 = Debug|Any CPU
		{4E137CD1-AAA9-485A-9DE4-DCF1B3DA9183}.Release|Any CPU.ActiveCfg = Release|Any CPU
		{4E137CD1-AAA9-485A-9DE4-DCF1B3DA9183}.Release|Any CPU.Build.0 = Release|Any CPU
		{0F3E5233-D104-4939-9986-1EA800267808}.Debug|Any CPU.ActiveCfg = Debug|Any CPU
		{0F3E5233-D104-4939-9986-1EA800267808}.Debug|Any CPU.Build.0 = Debug|Any CPU
		{0F3E5233-D104-4939-9986-1EA800267808}.Release|Any CPU.ActiveCfg = Release|Any CPU
		{0F3E5233-D104-4939-9986-1EA800267808}.Release|Any CPU.Build.0 = Release|Any CPU
		{18D2D6BC-20AF-4F2E-8B2E-3EFBD87C95BB}.Debug|Any CPU.ActiveCfg = Debug|Any CPU
		{18D2D6BC-20AF-4F2E-8B2E-3EFBD87C95BB}.Debug|Any CPU.Build.0 = Debug|Any CPU
		{18D2D6BC-20AF-4F2E-8B2E-3EFBD87C95BB}.Release|Any CPU.ActiveCfg = Release|Any CPU
		{18D2D6BC-20AF-4F2E-8B2E-3EFBD87C95BB}.Release|Any CPU.Build.0 = Release|Any CPU
		{EC8C124E-7A5B-454C-9B61-639346E50ADC}.Debug|Any CPU.ActiveCfg = Debug|Any CPU
		{EC8C124E-7A5B-454C-9B61-639346E50ADC}.Debug|Any CPU.Build.0 = Debug|Any CPU
		{EC8C124E-7A5B-454C-9B61-639346E50ADC}.Release|Any CPU.ActiveCfg = Release|Any CPU
		{EC8C124E-7A5B-454C-9B61-639346E50ADC}.Release|Any CPU.Build.0 = Release|Any CPU
		{54D9947B-83ED-4144-9E24-8259C6184BB8}.Debug|Any CPU.ActiveCfg = Debug|Any CPU
		{54D9947B-83ED-4144-9E24-8259C6184BB8}.Debug|Any CPU.Build.0 = Debug|Any CPU
		{54D9947B-83ED-4144-9E24-8259C6184BB8}.Release|Any CPU.ActiveCfg = Release|Any CPU
		{54D9947B-83ED-4144-9E24-8259C6184BB8}.Release|Any CPU.Build.0 = Release|Any CPU
		{42F3E8BF-C89A-429F-9C56-DFB6FC19FABB}.Debug|Any CPU.ActiveCfg = Debug|Any CPU
		{42F3E8BF-C89A-429F-9C56-DFB6FC19FABB}.Debug|Any CPU.Build.0 = Debug|Any CPU
		{42F3E8BF-C89A-429F-9C56-DFB6FC19FABB}.Release|Any CPU.ActiveCfg = Release|Any CPU
		{42F3E8BF-C89A-429F-9C56-DFB6FC19FABB}.Release|Any CPU.Build.0 = Release|Any CPU
		{6ED550E6-0C55-43ED-8C62-6816853E4B2E}.Debug|Any CPU.ActiveCfg = Debug|Any CPU
		{6ED550E6-0C55-43ED-8C62-6816853E4B2E}.Debug|Any CPU.Build.0 = Debug|Any CPU
		{6ED550E6-0C55-43ED-8C62-6816853E4B2E}.Release|Any CPU.ActiveCfg = Release|Any CPU
		{6ED550E6-0C55-43ED-8C62-6816853E4B2E}.Release|Any CPU.Build.0 = Release|Any CPU
		{C6AABE91-52E6-4E18-9FF4-356DD00EC104}.Debug|Any CPU.ActiveCfg = Debug|Any CPU
		{C6AABE91-52E6-4E18-9FF4-356DD00EC104}.Debug|Any CPU.Build.0 = Debug|Any CPU
		{C6AABE91-52E6-4E18-9FF4-356DD00EC104}.Release|Any CPU.ActiveCfg = Release|Any CPU
		{C6AABE91-52E6-4E18-9FF4-356DD00EC104}.Release|Any CPU.Build.0 = Release|Any CPU
		{56B8FEF4-CA60-42F3-91DE-D82F99D629D9}.Debug|Any CPU.ActiveCfg = Debug|Any CPU
		{56B8FEF4-CA60-42F3-91DE-D82F99D629D9}.Debug|Any CPU.Build.0 = Debug|Any CPU
		{56B8FEF4-CA60-42F3-91DE-D82F99D629D9}.Release|Any CPU.ActiveCfg = Release|Any CPU
		{56B8FEF4-CA60-42F3-91DE-D82F99D629D9}.Release|Any CPU.Build.0 = Release|Any CPU
		{CC0ED583-DE8A-452E-AD64-1D16C5293F51}.Debug|Any CPU.ActiveCfg = Debug|Any CPU
		{CC0ED583-DE8A-452E-AD64-1D16C5293F51}.Debug|Any CPU.Build.0 = Debug|Any CPU
		{CC0ED583-DE8A-452E-AD64-1D16C5293F51}.Release|Any CPU.ActiveCfg = Release|Any CPU
		{CC0ED583-DE8A-452E-AD64-1D16C5293F51}.Release|Any CPU.Build.0 = Release|Any CPU
		{13801DA4-AEA7-4002-B78B-9AEE4C7A6E0F}.Debug|Any CPU.ActiveCfg = Debug|Any CPU
		{13801DA4-AEA7-4002-B78B-9AEE4C7A6E0F}.Debug|Any CPU.Build.0 = Debug|Any CPU
		{13801DA4-AEA7-4002-B78B-9AEE4C7A6E0F}.Release|Any CPU.ActiveCfg = Release|Any CPU
		{13801DA4-AEA7-4002-B78B-9AEE4C7A6E0F}.Release|Any CPU.Build.0 = Release|Any CPU
		{44438E6C-70EE-4A1E-86EB-FBCAFDABC82C}.Debug|Any CPU.ActiveCfg = Debug|Any CPU
		{44438E6C-70EE-4A1E-86EB-FBCAFDABC82C}.Debug|Any CPU.Build.0 = Debug|Any CPU
		{44438E6C-70EE-4A1E-86EB-FBCAFDABC82C}.Release|Any CPU.ActiveCfg = Release|Any CPU
		{44438E6C-70EE-4A1E-86EB-FBCAFDABC82C}.Release|Any CPU.Build.0 = Release|Any CPU
		{49B659E3-CD1D-4369-9BA9-F0D0DA0182B5}.Debug|Any CPU.ActiveCfg = Debug|Any CPU
		{49B659E3-CD1D-4369-9BA9-F0D0DA0182B5}.Debug|Any CPU.Build.0 = Debug|Any CPU
		{49B659E3-CD1D-4369-9BA9-F0D0DA0182B5}.Release|Any CPU.ActiveCfg = Release|Any CPU
		{49B659E3-CD1D-4369-9BA9-F0D0DA0182B5}.Release|Any CPU.Build.0 = Release|Any CPU
		{760ABF81-6B9A-4FBC-8C37-CF5DB39D8DB8}.Debug|Any CPU.ActiveCfg = Debug|Any CPU
		{760ABF81-6B9A-4FBC-8C37-CF5DB39D8DB8}.Debug|Any CPU.Build.0 = Debug|Any CPU
		{760ABF81-6B9A-4FBC-8C37-CF5DB39D8DB8}.Release|Any CPU.ActiveCfg = Release|Any CPU
		{760ABF81-6B9A-4FBC-8C37-CF5DB39D8DB8}.Release|Any CPU.Build.0 = Release|Any CPU
		{0D4988BA-489F-41F1-82AB-04BE3A15CBF2}.Debug|Any CPU.ActiveCfg = Debug|Any CPU
		{0D4988BA-489F-41F1-82AB-04BE3A15CBF2}.Debug|Any CPU.Build.0 = Debug|Any CPU
		{0D4988BA-489F-41F1-82AB-04BE3A15CBF2}.Release|Any CPU.ActiveCfg = Release|Any CPU
		{0D4988BA-489F-41F1-82AB-04BE3A15CBF2}.Release|Any CPU.Build.0 = Release|Any CPU
		{22D2ED7F-BD6D-4D8F-8BAC-8976739058EA}.Debug|Any CPU.ActiveCfg = Debug|Any CPU
		{22D2ED7F-BD6D-4D8F-8BAC-8976739058EA}.Debug|Any CPU.Build.0 = Debug|Any CPU
		{22D2ED7F-BD6D-4D8F-8BAC-8976739058EA}.Release|Any CPU.ActiveCfg = Release|Any CPU
		{22D2ED7F-BD6D-4D8F-8BAC-8976739058EA}.Release|Any CPU.Build.0 = Release|Any CPU
		{FB9A97F7-6ED0-4E4E-AAC5-CA5BB6B10F5E}.Debug|Any CPU.ActiveCfg = Debug|Any CPU
		{FB9A97F7-6ED0-4E4E-AAC5-CA5BB6B10F5E}.Debug|Any CPU.Build.0 = Debug|Any CPU
		{FB9A97F7-6ED0-4E4E-AAC5-CA5BB6B10F5E}.Release|Any CPU.ActiveCfg = Release|Any CPU
		{FB9A97F7-6ED0-4E4E-AAC5-CA5BB6B10F5E}.Release|Any CPU.Build.0 = Release|Any CPU
		{30AD543C-8D7B-4772-8E27-8DC8DD2DC530}.Debug|Any CPU.ActiveCfg = Debug|Any CPU
		{30AD543C-8D7B-4772-8E27-8DC8DD2DC530}.Debug|Any CPU.Build.0 = Debug|Any CPU
		{30AD543C-8D7B-4772-8E27-8DC8DD2DC530}.Release|Any CPU.ActiveCfg = Release|Any CPU
		{30AD543C-8D7B-4772-8E27-8DC8DD2DC530}.Release|Any CPU.Build.0 = Release|Any CPU
		{D77F1F39-BF39-4036-9E83-AD38AB3616BD}.Debug|Any CPU.ActiveCfg = Debug|Any CPU
		{D77F1F39-BF39-4036-9E83-AD38AB3616BD}.Debug|Any CPU.Build.0 = Debug|Any CPU
		{D77F1F39-BF39-4036-9E83-AD38AB3616BD}.Release|Any CPU.ActiveCfg = Release|Any CPU
		{D77F1F39-BF39-4036-9E83-AD38AB3616BD}.Release|Any CPU.Build.0 = Release|Any CPU
		{17111B65-AE0A-42FC-92A9-C610D01EEFE5}.Debug|Any CPU.ActiveCfg = Debug|Any CPU
		{17111B65-AE0A-42FC-92A9-C610D01EEFE5}.Debug|Any CPU.Build.0 = Debug|Any CPU
		{17111B65-AE0A-42FC-92A9-C610D01EEFE5}.Release|Any CPU.ActiveCfg = Release|Any CPU
		{17111B65-AE0A-42FC-92A9-C610D01EEFE5}.Release|Any CPU.Build.0 = Release|Any CPU
		{9A8354BE-7267-4795-B61E-25E4427DCC98}.Debug|Any CPU.ActiveCfg = Debug|Any CPU
		{9A8354BE-7267-4795-B61E-25E4427DCC98}.Debug|Any CPU.Build.0 = Debug|Any CPU
		{9A8354BE-7267-4795-B61E-25E4427DCC98}.Release|Any CPU.ActiveCfg = Release|Any CPU
		{9A8354BE-7267-4795-B61E-25E4427DCC98}.Release|Any CPU.Build.0 = Release|Any CPU
		{27237F1D-4EF0-459E-992D-2018037AE6E7}.Debug|Any CPU.ActiveCfg = Debug|Any CPU
		{27237F1D-4EF0-459E-992D-2018037AE6E7}.Debug|Any CPU.Build.0 = Debug|Any CPU
		{27237F1D-4EF0-459E-992D-2018037AE6E7}.Release|Any CPU.ActiveCfg = Release|Any CPU
		{27237F1D-4EF0-459E-992D-2018037AE6E7}.Release|Any CPU.Build.0 = Release|Any CPU
		{474AE3E8-8218-4B94-BF6E-0F30FD55976E}.Debug|Any CPU.ActiveCfg = Debug|Any CPU
		{474AE3E8-8218-4B94-BF6E-0F30FD55976E}.Debug|Any CPU.Build.0 = Debug|Any CPU
		{474AE3E8-8218-4B94-BF6E-0F30FD55976E}.Release|Any CPU.ActiveCfg = Release|Any CPU
		{474AE3E8-8218-4B94-BF6E-0F30FD55976E}.Release|Any CPU.Build.0 = Release|Any CPU
		{37C68C82-E6CB-45C0-9A0F-8C4FD251141F}.Debug|Any CPU.ActiveCfg = Debug|Any CPU
		{37C68C82-E6CB-45C0-9A0F-8C4FD251141F}.Debug|Any CPU.Build.0 = Debug|Any CPU
		{37C68C82-E6CB-45C0-9A0F-8C4FD251141F}.Release|Any CPU.ActiveCfg = Release|Any CPU
		{37C68C82-E6CB-45C0-9A0F-8C4FD251141F}.Release|Any CPU.Build.0 = Release|Any CPU
	EndGlobalSection
	GlobalSection(SolutionProperties) = preSolution
		HideSolutionNode = FALSE
	EndGlobalSection
	GlobalSection(NestedProjects) = preSolution
		{9B2A2951-1CAB-41E0-A2B0-F9BD008754ED} = {1729B8DE-5B7B-4178-B5EA-6F70C472CC6D}
		{0DBE8A1C-FD39-4BD9-AD25-881783B35ED6} = {9B2A2951-1CAB-41E0-A2B0-F9BD008754ED}
		{B83C5AF0-EA5B-4D6A-9D8D-EE997FFC3B1E} = {9B2A2951-1CAB-41E0-A2B0-F9BD008754ED}
		{9CD68436-95AC-4C46-90C6-3A34EBEA5013} = {1729B8DE-5B7B-4178-B5EA-6F70C472CC6D}
		{E4DBF3D9-FD9D-480C-864C-5B2A746868BC} = {9CD68436-95AC-4C46-90C6-3A34EBEA5013}
		{8195CCEE-68DB-4C67-A8C2-9962B8E1A178} = {9CD68436-95AC-4C46-90C6-3A34EBEA5013}
		{1584EDAE-A7E8-4311-B5FA-490E2124CEC6} = {8195CCEE-68DB-4C67-A8C2-9962B8E1A178}
		{4E137CD1-AAA9-485A-9DE4-DCF1B3DA9183} = {8195CCEE-68DB-4C67-A8C2-9962B8E1A178}
		{0F3E5233-D104-4939-9986-1EA800267808} = {8195CCEE-68DB-4C67-A8C2-9962B8E1A178}
		{18D2D6BC-20AF-4F2E-8B2E-3EFBD87C95BB} = {1729B8DE-5B7B-4178-B5EA-6F70C472CC6D}
		{EC8C124E-7A5B-454C-9B61-639346E50ADC} = {1729B8DE-5B7B-4178-B5EA-6F70C472CC6D}
		{54D9947B-83ED-4144-9E24-8259C6184BB8} = {1729B8DE-5B7B-4178-B5EA-6F70C472CC6D}
		{42F3E8BF-C89A-429F-9C56-DFB6FC19FABB} = {8195CCEE-68DB-4C67-A8C2-9962B8E1A178}
		{B8987828-0360-42B8-8F96-605524A4C7C3} = {9CD68436-95AC-4C46-90C6-3A34EBEA5013}
		{6ED550E6-0C55-43ED-8C62-6816853E4B2E} = {B8987828-0360-42B8-8F96-605524A4C7C3}
		{C6AABE91-52E6-4E18-9FF4-356DD00EC104} = {B8987828-0360-42B8-8F96-605524A4C7C3}
		{56B8FEF4-CA60-42F3-91DE-D82F99D629D9} = {B8987828-0360-42B8-8F96-605524A4C7C3}
		{CC0ED583-DE8A-452E-AD64-1D16C5293F51} = {B8987828-0360-42B8-8F96-605524A4C7C3}
		{AA2119E9-DED7-4AF5-9F3F-5761372EB7E2} = {9CD68436-95AC-4C46-90C6-3A34EBEA5013}
		{13801DA4-AEA7-4002-B78B-9AEE4C7A6E0F} = {AA2119E9-DED7-4AF5-9F3F-5761372EB7E2}
		{44438E6C-70EE-4A1E-86EB-FBCAFDABC82C} = {1729B8DE-5B7B-4178-B5EA-6F70C472CC6D}
		{49B659E3-CD1D-4369-9BA9-F0D0DA0182B5} = {AA2119E9-DED7-4AF5-9F3F-5761372EB7E2}
		{760ABF81-6B9A-4FBC-8C37-CF5DB39D8DB8} = {9B2A2951-1CAB-41E0-A2B0-F9BD008754ED}
		{31EF9BEB-CA5B-4BD5-A773-0EC810036845} = {9CD68436-95AC-4C46-90C6-3A34EBEA5013}
		{0D4988BA-489F-41F1-82AB-04BE3A15CBF2} = {31EF9BEB-CA5B-4BD5-A773-0EC810036845}
		{22D2ED7F-BD6D-4D8F-8BAC-8976739058EA} = {31EF9BEB-CA5B-4BD5-A773-0EC810036845}
		{FB9A97F7-6ED0-4E4E-AAC5-CA5BB6B10F5E} = {31EF9BEB-CA5B-4BD5-A773-0EC810036845}
		{30AD543C-8D7B-4772-8E27-8DC8DD2DC530} = {E4DBF3D9-FD9D-480C-864C-5B2A746868BC}
		{D77F1F39-BF39-4036-9E83-AD38AB3616BD} = {31EF9BEB-CA5B-4BD5-A773-0EC810036845}
		{17111B65-AE0A-42FC-92A9-C610D01EEFE5} = {31EF9BEB-CA5B-4BD5-A773-0EC810036845}
		{41D929E5-71D6-473D-8FD5-403E62EBF3A2} = {9CD68436-95AC-4C46-90C6-3A34EBEA5013}
		{9A8354BE-7267-4795-B61E-25E4427DCC98} = {41D929E5-71D6-473D-8FD5-403E62EBF3A2}
		{27237F1D-4EF0-459E-992D-2018037AE6E7} = {41D929E5-71D6-473D-8FD5-403E62EBF3A2}
		{474AE3E8-8218-4B94-BF6E-0F30FD55976E} = {41D929E5-71D6-473D-8FD5-403E62EBF3A2}
		{37C68C82-E6CB-45C0-9A0F-8C4FD251141F} = {41D929E5-71D6-473D-8FD5-403E62EBF3A2}
	EndGlobalSection
	GlobalSection(ExtensibilityGlobals) = postSolution
		SolutionGuid = {26261CFB-B568-4B11-8EB4-17AC2F0A8589}
	EndGlobalSection
EndGlobal
